
Microsoft Visual Studio Solution File, Format Version 12.00
# Visual Studio 14
VisualStudioVersion = 14.0.25420.1
MinimumVisualStudioVersion = 10.0.40219.1
Project("{FAE04EC0-301F-11D3-BF4B-00C04F79EFBC}") = "ToDoListWebApi", "ToDoListWebApi\ToDoListWebApi.csproj", "{0F2425BF-6112-4985-9873-4B9BA02D1016}"
EndProject
Project("{FAE04EC0-301F-11D3-BF4B-00C04F79EFBC}") = "DAL", "DAL\DAL.csproj", "{7D46EFAB-1A00-4CF7-A2C7-B97F4949C07B}"
EndProject
Project("{FAE04EC0-301F-11D3-BF4B-00C04F79EFBC}") = "XamarinClient.Android", "XamarinClient\XamarinClient.Android\XamarinClient.Android.csproj", "{99D54536-C8BB-4F64-9D72-9580D7652D06}"
EndProject
Project("{FAE04EC0-301F-11D3-BF4B-00C04F79EFBC}") = "XamarinClient", "XamarinClient\XamarinClient\XamarinClient.csproj", "{350AD93D-5CA4-4082-80B4-2123D5061BF6}"
EndProject
Global
	GlobalSection(SolutionConfigurationPlatforms) = preSolution
		Ad-Hoc|Any CPU = Ad-Hoc|Any CPU
		Ad-Hoc|iPhone = Ad-Hoc|iPhone
		Ad-Hoc|iPhoneSimulator = Ad-Hoc|iPhoneSimulator
		AppStore|Any CPU = AppStore|Any CPU
		AppStore|iPhone = AppStore|iPhone
		AppStore|iPhoneSimulator = AppStore|iPhoneSimulator
		Debug|Any CPU = Debug|Any CPU
		Debug|iPhone = Debug|iPhone
		Debug|iPhoneSimulator = Debug|iPhoneSimulator
		Release|Any CPU = Release|Any CPU
		Release|iPhone = Release|iPhone
		Release|iPhoneSimulator = Release|iPhoneSimulator
	EndGlobalSection
	GlobalSection(ProjectConfigurationPlatforms) = postSolution
		{0F2425BF-6112-4985-9873-4B9BA02D1016}.Ad-Hoc|Any CPU.ActiveCfg = Release|Any CPU
		{0F2425BF-6112-4985-9873-4B9BA02D1016}.Ad-Hoc|Any CPU.Build.0 = Release|Any CPU
		{0F2425BF-6112-4985-9873-4B9BA02D1016}.Ad-Hoc|iPhone.ActiveCfg = Release|Any CPU
		{0F2425BF-6112-4985-9873-4B9BA02D1016}.Ad-Hoc|iPhone.Build.0 = Release|Any CPU
		{0F2425BF-6112-4985-9873-4B9BA02D1016}.Ad-Hoc|iPhoneSimulator.ActiveCfg = Release|Any CPU
		{0F2425BF-6112-4985-9873-4B9BA02D1016}.Ad-Hoc|iPhoneSimulator.Build.0 = Release|Any CPU
		{0F2425BF-6112-4985-9873-4B9BA02D1016}.AppStore|Any CPU.ActiveCfg = Release|Any CPU
		{0F2425BF-6112-4985-9873-4B9BA02D1016}.AppStore|Any CPU.Build.0 = Release|Any CPU
		{0F2425BF-6112-4985-9873-4B9BA02D1016}.AppStore|iPhone.ActiveCfg = Release|Any CPU
		{0F2425BF-6112-4985-9873-4B9BA02D1016}.AppStore|iPhone.Build.0 = Release|Any CPU
		{0F2425BF-6112-4985-9873-4B9BA02D1016}.AppStore|iPhoneSimulator.ActiveCfg = Release|Any CPU
		{0F2425BF-6112-4985-9873-4B9BA02D1016}.AppStore|iPhoneSimulator.Build.0 = Release|Any CPU
		{0F2425BF-6112-4985-9873-4B9BA02D1016}.Debug|Any CPU.ActiveCfg = Debug|Any CPU
		{0F2425BF-6112-4985-9873-4B9BA02D1016}.Debug|Any CPU.Build.0 = Debug|Any CPU
		{0F2425BF-6112-4985-9873-4B9BA02D1016}.Debug|iPhone.ActiveCfg = Debug|Any CPU
		{0F2425BF-6112-4985-9873-4B9BA02D1016}.Debug|iPhone.Build.0 = Debug|Any CPU
		{0F2425BF-6112-4985-9873-4B9BA02D1016}.Debug|iPhoneSimulator.ActiveCfg = Debug|Any CPU
		{0F2425BF-6112-4985-9873-4B9BA02D1016}.Debug|iPhoneSimulator.Build.0 = Debug|Any CPU
		{0F2425BF-6112-4985-9873-4B9BA02D1016}.Release|Any CPU.ActiveCfg = Release|Any CPU
		{0F2425BF-6112-4985-9873-4B9BA02D1016}.Release|Any CPU.Build.0 = Release|Any CPU
		{0F2425BF-6112-4985-9873-4B9BA02D1016}.Release|iPhone.ActiveCfg = Release|Any CPU
		{0F2425BF-6112-4985-9873-4B9BA02D1016}.Release|iPhone.Build.0 = Release|Any CPU
		{0F2425BF-6112-4985-9873-4B9BA02D1016}.Release|iPhoneSimulator.ActiveCfg = Release|Any CPU
		{0F2425BF-6112-4985-9873-4B9BA02D1016}.Release|iPhoneSimulator.Build.0 = Release|Any CPU
		{7D46EFAB-1A00-4CF7-A2C7-B97F4949C07B}.Ad-Hoc|Any CPU.ActiveCfg = Release|Any CPU
		{7D46EFAB-1A00-4CF7-A2C7-B97F4949C07B}.Ad-Hoc|Any CPU.Build.0 = Release|Any CPU
		{7D46EFAB-1A00-4CF7-A2C7-B97F4949C07B}.Ad-Hoc|iPhone.ActiveCfg = Release|Any CPU
		{7D46EFAB-1A00-4CF7-A2C7-B97F4949C07B}.Ad-Hoc|iPhone.Build.0 = Release|Any CPU
		{7D46EFAB-1A00-4CF7-A2C7-B97F4949C07B}.Ad-Hoc|iPhoneSimulator.ActiveCfg = Release|Any CPU
		{7D46EFAB-1A00-4CF7-A2C7-B97F4949C07B}.Ad-Hoc|iPhoneSimulator.Build.0 = Release|Any CPU
		{7D46EFAB-1A00-4CF7-A2C7-B97F4949C07B}.AppStore|Any CPU.ActiveCfg = Release|Any CPU
		{7D46EFAB-1A00-4CF7-A2C7-B97F4949C07B}.AppStore|Any CPU.Build.0 = Release|Any CPU
		{7D46EFAB-1A00-4CF7-A2C7-B97F4949C07B}.AppStore|iPhone.ActiveCfg = Release|Any CPU
		{7D46EFAB-1A00-4CF7-A2C7-B97F4949C07B}.AppStore|iPhone.Build.0 = Release|Any CPU
		{7D46EFAB-1A00-4CF7-A2C7-B97F4949C07B}.AppStore|iPhoneSimulator.ActiveCfg = Release|Any CPU
		{7D46EFAB-1A00-4CF7-A2C7-B97F4949C07B}.AppStore|iPhoneSimulator.Build.0 = Release|Any CPU
		{7D46EFAB-1A00-4CF7-A2C7-B97F4949C07B}.Debug|Any CPU.ActiveCfg = Debug|Any CPU
		{7D46EFAB-1A00-4CF7-A2C7-B97F4949C07B}.Debug|Any CPU.Build.0 = Debug|Any CPU
		{7D46EFAB-1A00-4CF7-A2C7-B97F4949C07B}.Debug|iPhone.ActiveCfg = Debug|Any CPU
		{7D46EFAB-1A00-4CF7-A2C7-B97F4949C07B}.Debug|iPhone.Build.0 = Debug|Any CPU
		{7D46EFAB-1A00-4CF7-A2C7-B97F4949C07B}.Debug|iPhoneSimulator.ActiveCfg = Debug|Any CPU
		{7D46EFAB-1A00-4CF7-A2C7-B97F4949C07B}.Debug|iPhoneSimulator.Build.0 = Debug|Any CPU
		{7D46EFAB-1A00-4CF7-A2C7-B97F4949C07B}.Release|Any CPU.ActiveCfg = Release|Any CPU
		{7D46EFAB-1A00-4CF7-A2C7-B97F4949C07B}.Release|Any CPU.Build.0 = Release|Any CPU
		{7D46EFAB-1A00-4CF7-A2C7-B97F4949C07B}.Release|iPhone.ActiveCfg = Release|Any CPU
		{7D46EFAB-1A00-4CF7-A2C7-B97F4949C07B}.Release|iPhone.Build.0 = Release|Any CPU
		{7D46EFAB-1A00-4CF7-A2C7-B97F4949C07B}.Release|iPhoneSimulator.ActiveCfg = Release|Any CPU
		{7D46EFAB-1A00-4CF7-A2C7-B97F4949C07B}.Release|iPhoneSimulator.Build.0 = Release|Any CPU
		{99D54536-C8BB-4F64-9D72-9580D7652D06}.Ad-Hoc|Any CPU.ActiveCfg = Release|Any CPU
		{99D54536-C8BB-4F64-9D72-9580D7652D06}.Ad-Hoc|Any CPU.Build.0 = Release|Any CPU
		{99D54536-C8BB-4F64-9D72-9580D7652D06}.Ad-Hoc|Any CPU.Deploy.0 = Release|Any CPU
		{99D54536-C8BB-4F64-9D72-9580D7652D06}.Ad-Hoc|iPhone.ActiveCfg = Release|Any CPU
		{99D54536-C8BB-4F64-9D72-9580D7652D06}.Ad-Hoc|iPhone.Build.0 = Release|Any CPU
		{99D54536-C8BB-4F64-9D72-9580D7652D06}.Ad-Hoc|iPhone.Deploy.0 = Release|Any CPU
		{99D54536-C8BB-4F64-9D72-9580D7652D06}.Ad-Hoc|iPhoneSimulator.ActiveCfg = Release|Any CPU
		{99D54536-C8BB-4F64-9D72-9580D7652D06}.Ad-Hoc|iPhoneSimulator.Build.0 = Release|Any CPU
		{99D54536-C8BB-4F64-9D72-9580D7652D06}.Ad-Hoc|iPhoneSimulator.Deploy.0 = Release|Any CPU
		{99D54536-C8BB-4F64-9D72-9580D7652D06}.AppStore|Any CPU.ActiveCfg = Release|Any CPU
		{99D54536-C8BB-4F64-9D72-9580D7652D06}.AppStore|Any CPU.Build.0 = Release|Any CPU
		{99D54536-C8BB-4F64-9D72-9580D7652D06}.AppStore|Any CPU.Deploy.0 = Release|Any CPU
		{99D54536-C8BB-4F64-9D72-9580D7652D06}.AppStore|iPhone.ActiveCfg = Release|Any CPU
		{99D54536-C8BB-4F64-9D72-9580D7652D06}.AppStore|iPhone.Build.0 = Release|Any CPU
		{99D54536-C8BB-4F64-9D72-9580D7652D06}.AppStore|iPhone.Deploy.0 = Release|Any CPU
		{99D54536-C8BB-4F64-9D72-9580D7652D06}.AppStore|iPhoneSimulator.ActiveCfg = Release|Any CPU
		{99D54536-C8BB-4F64-9D72-9580D7652D06}.AppStore|iPhoneSimulator.Build.0 = Release|Any CPU
		{99D54536-C8BB-4F64-9D72-9580D7652D06}.AppStore|iPhoneSimulator.Deploy.0 = Release|Any CPU
		{99D54536-C8BB-4F64-9D72-9580D7652D06}.Debug|Any CPU.ActiveCfg = Debug|Any CPU
		{99D54536-C8BB-4F64-9D72-9580D7652D06}.Debug|Any CPU.Build.0 = Debug|Any CPU
		{99D54536-C8BB-4F64-9D72-9580D7652D06}.Debug|Any CPU.Deploy.0 = Debug|Any CPU
		{99D54536-C8BB-4F64-9D72-9580D7652D06}.Debug|iPhone.ActiveCfg = Debug|Any CPU
		{99D54536-C8BB-4F64-9D72-9580D7652D06}.Debug|iPhone.Build.0 = Debug|Any CPU
		{99D54536-C8BB-4F64-9D72-9580D7652D06}.Debug|iPhone.Deploy.0 = Debug|Any CPU
		{99D54536-C8BB-4F64-9D72-9580D7652D06}.Debug|iPhoneSimulator.ActiveCfg = Debug|Any CPU
		{99D54536-C8BB-4F64-9D72-9580D7652D06}.Debug|iPhoneSimulator.Build.0 = Debug|Any CPU
		{99D54536-C8BB-4F64-9D72-9580D7652D06}.Debug|iPhoneSimulator.Deploy.0 = Debug|Any CPU
		{99D54536-C8BB-4F64-9D72-9580D7652D06}.Release|Any CPU.ActiveCfg = Release|Any CPU
		{99D54536-C8BB-4F64-9D72-9580D7652D06}.Release|Any CPU.Build.0 = Release|Any CPU
		{99D54536-C8BB-4F64-9D72-9580D7652D06}.Release|Any CPU.Deploy.0 = Release|Any CPU
		{99D54536-C8BB-4F64-9D72-9580D7652D06}.Release|iPhone.ActiveCfg = Release|Any CPU
		{99D54536-C8BB-4F64-9D72-9580D7652D06}.Release|iPhone.Build.0 = Release|Any CPU
		{99D54536-C8BB-4F64-9D72-9580D7652D06}.Release|iPhone.Deploy.0 = Release|Any CPU
		{99D54536-C8BB-4F64-9D72-9580D7652D06}.Release|iPhoneSimulator.ActiveCfg = Release|Any CPU
		{99D54536-C8BB-4F64-9D72-9580D7652D06}.Release|iPhoneSimulator.Build.0 = Release|Any CPU
		{99D54536-C8BB-4F64-9D72-9580D7652D06}.Release|iPhoneSimulator.Deploy.0 = Release|Any CPU
		{350AD93D-5CA4-4082-80B4-2123D5061BF6}.Ad-Hoc|Any CPU.ActiveCfg = Release|Any CPU
		{350AD93D-5CA4-4082-80B4-2123D5061BF6}.Ad-Hoc|Any CPU.Build.0 = Release|Any CPU
		{350AD93D-5CA4-4082-80B4-2123D5061BF6}.Ad-Hoc|iPhone.ActiveCfg = Release|Any CPU
		{350AD93D-5CA4-4082-80B4-2123D5061BF6}.Ad-Hoc|iPhone.Build.0 = Release|Any CPU
		{350AD93D-5CA4-4082-80B4-2123D5061BF6}.Ad-Hoc|iPhoneSimulator.ActiveCfg = Release|Any CPU
		{350AD93D-5CA4-4082-80B4-2123D5061BF6}.Ad-Hoc|iPhoneSimulator.Build.0 = Release|Any CPU
		{350AD93D-5CA4-4082-80B4-2123D5061BF6}.AppStore|Any CPU.ActiveCfg = Release|Any CPU
		{350AD93D-5CA4-4082-80B4-2123D5061BF6}.AppStore|Any CPU.Build.0 = Release|Any CPU
		{350AD93D-5CA4-4082-80B4-2123D5061BF6}.AppStore|iPhone.ActiveCfg = Release|Any CPU
		{350AD93D-5CA4-4082-80B4-2123D5061BF6}.AppStore|iPhone.Build.0 = Release|Any CPU
		{350AD93D-5CA4-4082-80B4-2123D5061BF6}.AppStore|iPhoneSimulator.ActiveCfg = Release|Any CPU
		{350AD93D-5CA4-4082-80B4-2123D5061BF6}.AppStore|iPhoneSimulator.Build.0 = Release|Any CPU
		{350AD93D-5CA4-4082-80B4-2123D5061BF6}.Debug|Any CPU.ActiveCfg = Debug|Any CPU
		{350AD93D-5CA4-4082-80B4-2123D5061BF6}.Debug|Any CPU.Build.0 = Debug|Any CPU
		{350AD93D-5CA4-4082-80B4-2123D5061BF6}.Debug|iPhone.ActiveCfg = Debug|Any CPU
		{350AD93D-5CA4-4082-80B4-2123D5061BF6}.Debug|iPhone.Build.0 = Debug|Any CPU
		{350AD93D-5CA4-4082-80B4-2123D5061BF6}.Debug|iPhoneSimulator.ActiveCfg = Debug|Any CPU
		{350AD93D-5CA4-4082-80B4-2123D5061BF6}.Debug|iPhoneSimulator.Build.0 = Debug|Any CPU
		{350AD93D-5CA4-4082-80B4-2123D5061BF6}.Release|Any CPU.ActiveCfg = Release|Any CPU
		{350AD93D-5CA4-4082-80B4-2123D5061BF6}.Release|Any CPU.Build.0 = Release|Any CPU
		{350AD93D-5CA4-4082-80B4-2123D5061BF6}.Release|iPhone.ActiveCfg = Release|Any CPU
		{350AD93D-5CA4-4082-80B4-2123D5061BF6}.Release|iPhone.Build.0 = Release|Any CPU
		{350AD93D-5CA4-4082-80B4-2123D5061BF6}.Release|iPhoneSimulator.ActiveCfg = Release|Any CPU
		{350AD93D-5CA4-4082-80B4-2123D5061BF6}.Release|iPhoneSimulator.Build.0 = Release|Any CPU
	EndGlobalSection
	GlobalSection(SolutionProperties) = preSolution
		HideSolutionNode = FALSE
	EndGlobalSection
EndGlobal
